
Microsoft Visual Studio Solution File, Format Version 12.00
# Visual Studio Version 16
VisualStudioVersion = 16.0.31729.503
MinimumVisualStudioVersion = 10.0.40219.1
Project("{FAE04EC0-301F-11D3-BF4B-00C04F79EFBC}") = "Spice", "Spice.csproj", "{691294C7-110C-4FE9-AAE2-3B32655595EB}"
EndProject
Global
	GlobalSection(SolutionConfigurationPlatforms) = preSolution
		Debug|Any CPU = Debug|Any CPU
		Release|Any CPU = Release|Any CPU
	EndGlobalSection
	GlobalSection(ProjectConfigurationPlatforms) = postSolution
		{691294C7-110C-4FE9-AAE2-3B32655595EB}.Debug|Any CPU.ActiveCfg = Debug|Any CPU
		{691294C7-110C-4FE9-AAE2-3B32655595EB}.Debug|Any CPU.Build.0 = Debug|Any CPU
		{691294C7-110C-4FE9-AAE2-3B32655595EB}.Release|Any CPU.ActiveCfg = Release|Any CPU
		{691294C7-110C-4FE9-AAE2-3B32655595EB}.Release|Any CPU.Build.0 = Release|Any CPU
	EndGlobalSection
	GlobalSection(SolutionProperties) = preSolution
		HideSolutionNode = FALSE
	EndGlobalSection
	GlobalSection(ExtensibilityGlobals) = postSolution
		SolutionGuid = {BBC8C440-3CD5-4311-B177-8535EABF8B5D}
	EndGlobalSection
EndGlobal
